
Microsoft Visual Studio Solution File, Format Version 12.00
# Blend for Visual Studio Version 16
VisualStudioVersion = 16.0.30413.136
MinimumVisualStudioVersion = 10.0.40219.1
Project("{FAE04EC0-301F-11D3-BF4B-00C04F79EFBC}") = "PQ", "PQ.csproj", "{CD4EFF31-D1F7-4703-9489-1B2117832051}"
EndProject
Global
	GlobalSection(SolutionConfigurationPlatforms) = preSolution
		Debug|Any CPU = Debug|Any CPU
		Release|Any CPU = Release|Any CPU
	EndGlobalSection
	GlobalSection(ProjectConfigurationPlatforms) = postSolution
		{CD4EFF31-D1F7-4703-9489-1B2117832051}.Debug|Any CPU.ActiveCfg = Debug|Any CPU
		{CD4EFF31-D1F7-4703-9489-1B2117832051}.Debug|Any CPU.Build.0 = Debug|Any CPU
		{CD4EFF31-D1F7-4703-9489-1B2117832051}.Release|Any CPU.ActiveCfg = Release|Any CPU
		{CD4EFF31-D1F7-4703-9489-1B2117832051}.Release|Any CPU.Build.0 = Release|Any CPU
	EndGlobalSection
	GlobalSection(SolutionProperties) = preSolution
		HideSolutionNode = FALSE
	EndGlobalSection
	GlobalSection(ExtensibilityGlobals) = postSolution
		SolutionGuid = {DC8B85B7-6E04-4B17-A766-957A73C94605}
	EndGlobalSection
EndGlobal
